
Microsoft Visual Studio Solution File, Format Version 12.00
# Visual Studio Version 17
VisualStudioVersion = 17.10.34814.14
MinimumVisualStudioVersion = 10.0.40219.1
Project("{FAE04EC0-301F-11D3-BF4B-00C04F79EFBC}") = "Spectre.ConsoleApp", "Spectre.ConsoleApp\Spectre.ConsoleApp.csproj", "{8AB37999-B83C-4C40-A01A-6CF589763EE4}"
EndProject
Global
	GlobalSection(SolutionConfigurationPlatforms) = preSolution
		Debug|Any CPU = Debug|Any CPU
		Release|Any CPU = Release|Any CPU
	EndGlobalSection
	GlobalSection(ProjectConfigurationPlatforms) = postSolution
		{8AB37999-B83C-4C40-A01A-6CF589763EE4}.Debug|Any CPU.ActiveCfg = Debug|Any CPU
		{8AB37999-B83C-4C40-A01A-6CF589763EE4}.Debug|Any CPU.Build.0 = Debug|Any CPU
		{8AB37999-B83C-4C40-A01A-6CF589763EE4}.Release|Any CPU.ActiveCfg = Release|Any CPU
		{8AB37999-B83C-4C40-A01A-6CF589763EE4}.Release|Any CPU.Build.0 = Release|Any CPU
	EndGlobalSection
	GlobalSection(SolutionProperties) = preSolution
		HideSolutionNode = FALSE
	EndGlobalSection
	GlobalSection(ExtensibilityGlobals) = postSolution
		SolutionGuid = {82C391F3-4430-4DDA-B141-0B640857A17C}
	EndGlobalSection
EndGlobal
